
Microsoft Visual Studio Solution File, Format Version 12.00
# Visual Studio Version 16
VisualStudioVersion = 25.0.1704.2
MinimumVisualStudioVersion = 10.0.40219.1
Project("{FAE04EC0-301F-11D3-BF4B-00C04F79EFBC}") = "Week14", "Week14\Week14.csproj", "{923B728B-E4DB-4854-B548-426B7B0E919E}"
EndProject
Project("{2150E333-8FDC-42A3-9474-1A3956D46DE8}") = "Solution Items", "Solution Items", "{AC851656-2975-4248-8EEB-A585BA7CB9DA}"
	ProjectSection(SolutionItems) = preProject
		.editorconfig = .editorconfig
	EndProjectSection
EndProject
Global
	GlobalSection(SolutionConfigurationPlatforms) = preSolution
		Debug|Any CPU = Debug|Any CPU
		Release|Any CPU = Release|Any CPU
	EndGlobalSection
	GlobalSection(ProjectConfigurationPlatforms) = postSolution
		{923B728B-E4DB-4854-B548-426B7B0E919E}.Debug|Any CPU.ActiveCfg = Debug|Any CPU
		{923B728B-E4DB-4854-B548-426B7B0E919E}.Debug|Any CPU.Build.0 = Debug|Any CPU
		{923B728B-E4DB-4854-B548-426B7B0E919E}.Release|Any CPU.ActiveCfg = Release|Any CPU
		{923B728B-E4DB-4854-B548-426B7B0E919E}.Release|Any CPU.Build.0 = Release|Any CPU
	EndGlobalSection
	GlobalSection(SolutionProperties) = preSolution
		HideSolutionNode = FALSE
	EndGlobalSection
	GlobalSection(ExtensibilityGlobals) = postSolution
		SolutionGuid = {5EA31248-E453-46CA-9F40-FB9AA712FEC2}
	EndGlobalSection
EndGlobal
